
Microsoft Visual Studio Solution File, Format Version 12.00
# Visual Studio Version 17
VisualStudioVersion = 17.13.35818.85
MinimumVisualStudioVersion = 10.0.40219.1
Project("{FAE04EC0-301F-11D3-BF4B-00C04F79EFBC}") = "calculator", "calculator\calculator.csproj", "{2A8B04E4-A8BF-46D6-AADD-FAF58A386DEB}"
EndProject
Project("{FAE04EC0-301F-11D3-BF4B-00C04F79EFBC}") = "CalculatorLibrary1", "CalculatorLibrary1\CalculatorLibrary1.csproj", "{0A53FDA0-B493-4957-B4E1-45DA864B498B}"
EndProject
Project("{FAE04EC0-301F-11D3-BF4B-00C04F79EFBC}") = "CalculatorTest", "CalculatorTest\CalculatorTest.csproj", "{BF05B06D-00EE-4DD6-9F0E-0885BE413E2A}"
EndProject
Project("{FAE04EC0-301F-11D3-BF4B-00C04F79EFBC}") = "calculatorForm", "calculatorForm\calculatorForm.csproj", "{F76A8891-2170-4C88-A782-B83E807799D2}"
EndProject
Project("{FAE04EC0-301F-11D3-BF4B-00C04F79EFBC}") = "calculatorFrom2", "calculatorFrom2\calculatorFrom2.csproj", "{82B10008-ACED-4DEC-8B9E-C9EC2F348E7F}"
EndProject
Global
	GlobalSection(SolutionConfigurationPlatforms) = preSolution
		Debug|Any CPU = Debug|Any CPU
		Release|Any CPU = Release|Any CPU
	EndGlobalSection
	GlobalSection(ProjectConfigurationPlatforms) = postSolution
		{2A8B04E4-A8BF-46D6-AADD-FAF58A386DEB}.Debug|Any CPU.ActiveCfg = Debug|Any CPU
		{2A8B04E4-A8BF-46D6-AADD-FAF58A386DEB}.Debug|Any CPU.Build.0 = Debug|Any CPU
		{2A8B04E4-A8BF-46D6-AADD-FAF58A386DEB}.Release|Any CPU.ActiveCfg = Release|Any CPU
		{2A8B04E4-A8BF-46D6-AADD-FAF58A386DEB}.Release|Any CPU.Build.0 = Release|Any CPU
		{0A53FDA0-B493-4957-B4E1-45DA864B498B}.Debug|Any CPU.ActiveCfg = Debug|Any CPU
		{0A53FDA0-B493-4957-B4E1-45DA864B498B}.Debug|Any CPU.Build.0 = Debug|Any CPU
		{0A53FDA0-B493-4957-B4E1-45DA864B498B}.Release|Any CPU.ActiveCfg = Release|Any CPU
		{0A53FDA0-B493-4957-B4E1-45DA864B498B}.Release|Any CPU.Build.0 = Release|Any CPU
		{BF05B06D-00EE-4DD6-9F0E-0885BE413E2A}.Debug|Any CPU.ActiveCfg = Debug|Any CPU
		{BF05B06D-00EE-4DD6-9F0E-0885BE413E2A}.Debug|Any CPU.Build.0 = Debug|Any CPU
		{BF05B06D-00EE-4DD6-9F0E-0885BE413E2A}.Release|Any CPU.ActiveCfg = Release|Any CPU
		{BF05B06D-00EE-4DD6-9F0E-0885BE413E2A}.Release|Any CPU.Build.0 = Release|Any CPU
		{F76A8891-2170-4C88-A782-B83E807799D2}.Debug|Any CPU.ActiveCfg = Debug|Any CPU
		{F76A8891-2170-4C88-A782-B83E807799D2}.Debug|Any CPU.Build.0 = Debug|Any CPU
		{F76A8891-2170-4C88-A782-B83E807799D2}.Release|Any CPU.ActiveCfg = Release|Any CPU
		{F76A8891-2170-4C88-A782-B83E807799D2}.Release|Any CPU.Build.0 = Release|Any CPU
		{82B10008-ACED-4DEC-8B9E-C9EC2F348E7F}.Debug|Any CPU.ActiveCfg = Debug|Any CPU
		{82B10008-ACED-4DEC-8B9E-C9EC2F348E7F}.Debug|Any CPU.Build.0 = Debug|Any CPU
		{82B10008-ACED-4DEC-8B9E-C9EC2F348E7F}.Release|Any CPU.ActiveCfg = Release|Any CPU
		{82B10008-ACED-4DEC-8B9E-C9EC2F348E7F}.Release|Any CPU.Build.0 = Release|Any CPU
	EndGlobalSection
	GlobalSection(SolutionProperties) = preSolution
		HideSolutionNode = FALSE
	EndGlobalSection
	GlobalSection(ExtensibilityGlobals) = postSolution
		SolutionGuid = {0AD37738-567E-4A92-87CA-DE4B8182F564}
	EndGlobalSection
EndGlobal
